
Microsoft Visual Studio Solution File, Format Version 12.00
# Visual Studio 15
VisualStudioVersion = 15.0.27130.2036
MinimumVisualStudioVersion = 10.0.40219.1
Project("{FAE04EC0-301F-11D3-BF4B-00C04F79EFBC}") = "HelloWorld", "ConsoleApp1\HelloWorld.csproj", "{E9A61521-72E0-4B1B-9DAD-2808EAC2B244}"
EndProject
Global
	GlobalSection(SolutionConfigurationPlatforms) = preSolution
		Debug|Any CPU = Debug|Any CPU
		Release|Any CPU = Release|Any CPU
	EndGlobalSection
	GlobalSection(ProjectConfigurationPlatforms) = postSolution
		{E9A61521-72E0-4B1B-9DAD-2808EAC2B244}.Debug|Any CPU.ActiveCfg = Debug|Any CPU
		{E9A61521-72E0-4B1B-9DAD-2808EAC2B244}.Debug|Any CPU.Build.0 = Debug|Any CPU
		{E9A61521-72E0-4B1B-9DAD-2808EAC2B244}.Release|Any CPU.ActiveCfg = Release|Any CPU
		{E9A61521-72E0-4B1B-9DAD-2808EAC2B244}.Release|Any CPU.Build.0 = Release|Any CPU
	EndGlobalSection
	GlobalSection(SolutionProperties) = preSolution
		HideSolutionNode = FALSE
	EndGlobalSection
	GlobalSection(ExtensibilityGlobals) = postSolution
		SolutionGuid = {B5944012-8CE4-4F76-901B-0E5E4B390983}
	EndGlobalSection
EndGlobal
